Microsoft Visual Studio Solution File, Format Version 12.00
# Visual Studio 15
VisualStudioVersion = 15.0.26430.13
MinimumVisualStudioVersion = 15.0.26124.0
Project("{9A19103F-16F7-4668-BE54-9A1E7A4F7556}") = "rapidcore.xunit", "src\rapidcore.xunit.csproj", "{EB0EE0BF-06E5-4F80-A995-656901FABCF8}"
EndProject
Project("{9A19103F-16F7-4668-BE54-9A1E7A4F7556}") = "unit", "test\unit\unit.csproj", "{D1A942C1-DD7F-4F6C-8E00-B760CDC5CEC4}"
EndProject
Global
	GlobalSection(SolutionConfigurationPlatforms) = preSolution
		Debug|Any CPU = Debug|Any CPU
		Debug|x64 = Debug|x64
		Debug|x86 = Debug|x86
		Release|Any CPU = Release|Any CPU
		Release|x64 = Release|x64
		Release|x86 = Release|x86
	EndGlobalSection
	GlobalSection(ProjectConfigurationPlatforms) = postSolution
		{EB0EE0BF-06E5-4F80-A995-656901FABCF8}.Debug|Any CPU.ActiveCfg = Debug|Any CPU
		{EB0EE0BF-06E5-4F80-A995-656901FABCF8}.Debug|Any CPU.Build.0 = Debug|Any CPU
		{EB0EE0BF-06E5-4F80-A995-656901FABCF8}.Debug|x64.ActiveCfg = Debug|Any CPU
		{EB0EE0BF-06E5-4F80-A995-656901FABCF8}.Debug|x64.Build.0 = Debug|Any CPU
		{EB0EE0BF-06E5-4F80-A995-656901FABCF8}.Debug|x86.ActiveCfg = Debug|Any CPU
		{EB0EE0BF-06E5-4F80-A995-656901FABCF8}.Debug|x86.Build.0 = Debug|Any CPU
		{EB0EE0BF-06E5-4F80-A995-656901FABCF8}.Release|Any CPU.ActiveCfg = Release|Any CPU
		{EB0EE0BF-06E5-4F80-A995-656901FABCF8}.Release|Any CPU.Build.0 = Release|Any CPU
		{EB0EE0BF-06E5-4F80-A995-656901FABCF8}.Release|x64.ActiveCfg = Release|Any CPU
		{EB0EE0BF-06E5-4F80-A995-656901FABCF8}.Release|x64.Build.0 = Release|Any CPU
		{EB0EE0BF-06E5-4F80-A995-656901FABCF8}.Release|x86.ActiveCfg = Release|Any CPU
		{EB0EE0BF-06E5-4F80-A995-656901FABCF8}.Release|x86.Build.0 = Release|Any CPU
		{D1A942C1-DD7F-4F6C-8E00-B760CDC5CEC4}.Debug|Any CPU.ActiveCfg = Debug|Any CPU
		{D1A942C1-DD7F-4F6C-8E00-B760CDC5CEC4}.Debug|Any CPU.Build.0 = Debug|Any CPU
		{D1A942C1-DD7F-4F6C-8E00-B760CDC5CEC4}.Debug|x64.ActiveCfg = Debug|Any CPU
		{D1A942C1-DD7F-4F6C-8E00-B760CDC5CEC4}.Debug|x64.Build.0 = Debug|Any CPU
		{D1A942C1-DD7F-4F6C-8E00-B760CDC5CEC4}.Debug|x86.ActiveCfg = Debug|Any CPU
		{D1A942C1-DD7F-4F6C-8E00-B760CDC5CEC4}.Debug|x86.Build.0 = Debug|Any CPU
		{D1A942C1-DD7F-4F6C-8E00-B760CDC5CEC4}.Release|Any CPU.ActiveCfg = Release|Any CPU
		{D1A942C1-DD7F-4F6C-8E00-B760CDC5CEC4}.Release|Any CPU.Build.0 = Release|Any CPU
		{D1A942C1-DD7F-4F6C-8E00-B760CDC5CEC4}.Release|x64.ActiveCfg = Release|Any CPU
		{D1A942C1-DD7F-4F6C-8E00-B760CDC5CEC4}.Release|x64.Build.0 = Release|Any CPU
		{D1A942C1-DD7F-4F6C-8E00-B760CDC5CEC4}.Release|x86.ActiveCfg = Release|Any CPU
		{D1A942C1-DD7F-4F6C-8E00-B760CDC5CEC4}.Release|x86.Build.0 = Release|Any CPU
	EndGlobalSection
	GlobalSection(SolutionProperties) = preSolution
		HideSolutionNode = FALSE
	EndGlobalSection
EndGlobal
