Microsoft Visual Studio Solution File, Format Version 12.00
# Visual Studio 15
VisualStudioVersion = 15.0.26403.7
MinimumVisualStudioVersion = 15.0.26124.0
Project("{9A19103F-16F7-4668-BE54-9A1E7A4F7556}") = "rapidcore", "src\rapidcore.csproj", "{B1904C1F-55D3-4E30-A237-09E857A9A1C7}"
EndProject
Project("{2150E333-8FDC-42A3-9474-1A3956D46DE8}") = "test", "test", "{2D295025-9C87-4D6C-ACFC-AD58D8D2EBB8}"
EndProject
Project("{9A19103F-16F7-4668-BE54-9A1E7A4F7556}") = "unittests", "test\unit\unittests.csproj", "{76976144-B45C-4553-9333-4022384F7A38}"
EndProject
Project("{FAE04EC0-301F-11D3-BF4B-00C04F79EFBC}") = "functionaltests", "test\functional\functionaltests.csproj", "{0D9F1D66-8532-49B1-AFA2-9FD3CBDA4526}"
EndProject
Global
	GlobalSection(SolutionConfigurationPlatforms) = preSolution
		Debug|Any CPU = Debug|Any CPU
		Debug|x64 = Debug|x64
		Debug|x86 = Debug|x86
		Release|Any CPU = Release|Any CPU
		Release|x64 = Release|x64
		Release|x86 = Release|x86
	EndGlobalSection
	GlobalSection(ProjectConfigurationPlatforms) = postSolution
		{B1904C1F-55D3-4E30-A237-09E857A9A1C7}.Debug|Any CPU.ActiveCfg = Debug|Any CPU
		{B1904C1F-55D3-4E30-A237-09E857A9A1C7}.Debug|Any CPU.Build.0 = Debug|Any CPU
		{B1904C1F-55D3-4E30-A237-09E857A9A1C7}.Debug|x64.ActiveCfg = Debug|Any CPU
		{B1904C1F-55D3-4E30-A237-09E857A9A1C7}.Debug|x64.Build.0 = Debug|Any CPU
		{B1904C1F-55D3-4E30-A237-09E857A9A1C7}.Debug|x86.ActiveCfg = Debug|Any CPU
		{B1904C1F-55D3-4E30-A237-09E857A9A1C7}.Debug|x86.Build.0 = Debug|Any CPU
		{B1904C1F-55D3-4E30-A237-09E857A9A1C7}.Release|Any CPU.ActiveCfg = Release|Any CPU
		{B1904C1F-55D3-4E30-A237-09E857A9A1C7}.Release|Any CPU.Build.0 = Release|Any CPU
		{B1904C1F-55D3-4E30-A237-09E857A9A1C7}.Release|x64.ActiveCfg = Release|Any CPU
		{B1904C1F-55D3-4E30-A237-09E857A9A1C7}.Release|x64.Build.0 = Release|Any CPU
		{B1904C1F-55D3-4E30-A237-09E857A9A1C7}.Release|x86.ActiveCfg = Release|Any CPU
		{B1904C1F-55D3-4E30-A237-09E857A9A1C7}.Release|x86.Build.0 = Release|Any CPU
		{76976144-B45C-4553-9333-4022384F7A38}.Debug|Any CPU.ActiveCfg = Debug|Any CPU
		{76976144-B45C-4553-9333-4022384F7A38}.Debug|Any CPU.Build.0 = Debug|Any CPU
		{76976144-B45C-4553-9333-4022384F7A38}.Debug|x64.ActiveCfg = Debug|Any CPU
		{76976144-B45C-4553-9333-4022384F7A38}.Debug|x64.Build.0 = Debug|Any CPU
		{76976144-B45C-4553-9333-4022384F7A38}.Debug|x86.ActiveCfg = Debug|Any CPU
		{76976144-B45C-4553-9333-4022384F7A38}.Debug|x86.Build.0 = Debug|Any CPU
		{76976144-B45C-4553-9333-4022384F7A38}.Release|Any CPU.ActiveCfg = Release|Any CPU
		{76976144-B45C-4553-9333-4022384F7A38}.Release|Any CPU.Build.0 = Release|Any CPU
		{76976144-B45C-4553-9333-4022384F7A38}.Release|x64.ActiveCfg = Release|Any CPU
		{76976144-B45C-4553-9333-4022384F7A38}.Release|x64.Build.0 = Release|Any CPU
		{76976144-B45C-4553-9333-4022384F7A38}.Release|x86.ActiveCfg = Release|Any CPU
		{76976144-B45C-4553-9333-4022384F7A38}.Release|x86.Build.0 = Release|Any CPU
		{0D9F1D66-8532-49B1-AFA2-9FD3CBDA4526}.Debug|Any CPU.ActiveCfg = Debug|Any CPU
		{0D9F1D66-8532-49B1-AFA2-9FD3CBDA4526}.Debug|Any CPU.Build.0 = Debug|Any CPU
		{0D9F1D66-8532-49B1-AFA2-9FD3CBDA4526}.Debug|x64.ActiveCfg = Debug|x64
		{0D9F1D66-8532-49B1-AFA2-9FD3CBDA4526}.Debug|x64.Build.0 = Debug|x64
		{0D9F1D66-8532-49B1-AFA2-9FD3CBDA4526}.Debug|x86.ActiveCfg = Debug|x86
		{0D9F1D66-8532-49B1-AFA2-9FD3CBDA4526}.Debug|x86.Build.0 = Debug|x86
		{0D9F1D66-8532-49B1-AFA2-9FD3CBDA4526}.Release|Any CPU.ActiveCfg = Release|Any CPU
		{0D9F1D66-8532-49B1-AFA2-9FD3CBDA4526}.Release|Any CPU.Build.0 = Release|Any CPU
		{0D9F1D66-8532-49B1-AFA2-9FD3CBDA4526}.Release|x64.ActiveCfg = Release|x64
		{0D9F1D66-8532-49B1-AFA2-9FD3CBDA4526}.Release|x64.Build.0 = Release|x64
		{0D9F1D66-8532-49B1-AFA2-9FD3CBDA4526}.Release|x86.ActiveCfg = Release|x86
		{0D9F1D66-8532-49B1-AFA2-9FD3CBDA4526}.Release|x86.Build.0 = Release|x86
	EndGlobalSection
	GlobalSection(SolutionProperties) = preSolution
		HideSolutionNode = FALSE
	EndGlobalSection
	GlobalSection(NestedProjects) = preSolution
		{76976144-B45C-4553-9333-4022384F7A38} = {2D295025-9C87-4D6C-ACFC-AD58D8D2EBB8}
		{0D9F1D66-8532-49B1-AFA2-9FD3CBDA4526} = {2D295025-9C87-4D6C-ACFC-AD58D8D2EBB8}
	EndGlobalSection
EndGlobal
