Microsoft Visual Studio Solution File, Format Version 12.00
# Visual Studio 15
VisualStudioVersion = 15.0.27130.2024
MinimumVisualStudioVersion = 15.0.26124.0
Project("{2150E333-8FDC-42A3-9474-1A3956D46DE8}") = "src", "src", "{68F11D70-6FFF-4761-9EB9-44E9F4C2C967}"
EndProject
Project("{2150E333-8FDC-42A3-9474-1A3956D46DE8}") = "core", "core", "{85943392-4DB2-4D4D-AF08-74AB3D97D700}"
EndProject
Project("{9A19103F-16F7-4668-BE54-9A1E7A4F7556}") = "rapidcore", "src\core\main\rapidcore.csproj", "{8BA44FF3-B0CB-4864-91CD-70D2D33F84C2}"
EndProject
Project("{9A19103F-16F7-4668-BE54-9A1E7A4F7556}") = "unittests", "src\core\test-unit\unittests.csproj", "{2D46E4BB-483E-4854-BC24-CDFAE6452112}"
EndProject
Project("{9A19103F-16F7-4668-BE54-9A1E7A4F7556}") = "functionaltests", "src\core\test-functional\functionaltests.csproj", "{F07ECF06-54B9-4F40-8796-ED984DA41C8F}"
EndProject
Project("{2150E333-8FDC-42A3-9474-1A3956D46DE8}") = "mongo", "mongo", "{80141034-CE49-45D9-AE05-973D82758465}"
EndProject
Project("{9A19103F-16F7-4668-BE54-9A1E7A4F7556}") = "rapidcore.mongo", "src\mongo\main\rapidcore.mongo.csproj", "{50548CAC-5511-4A49-8781-976F8F64CEB1}"
EndProject
Project("{9A19103F-16F7-4668-BE54-9A1E7A4F7556}") = "functionaltests", "src\mongo\test-functional\functionaltests.csproj", "{2C7EB2BF-7EC6-4521-AA11-8F4AB55FE5DA}"
EndProject
Project("{2150E333-8FDC-42A3-9474-1A3956D46DE8}") = "redis", "redis", "{83041C99-22E8-4680-BE0F-48F419D92C6B}"
EndProject
Project("{9A19103F-16F7-4668-BE54-9A1E7A4F7556}") = "rapidcore.redis", "src\redis\main\rapidcore.redis.csproj", "{CADDD884-EFBD-4220-80EE-044454AEC596}"
EndProject
Project("{9A19103F-16F7-4668-BE54-9A1E7A4F7556}") = "functionaltest", "src\redis\test-functional\functionaltest.csproj", "{48054D3C-9B50-4307-BD6B-9EFBAB352DF3}"
EndProject
Project("{2150E333-8FDC-42A3-9474-1A3956D46DE8}") = "xunit", "xunit", "{769C5005-E9C9-4292-B064-A68FDE6B2B28}"
EndProject
Project("{9A19103F-16F7-4668-BE54-9A1E7A4F7556}") = "rapidcore.xunit", "src\xunit\main\rapidcore.xunit.csproj", "{77ACBE2E-4DA8-46A3-955F-B901F3247DC4}"
EndProject
Project("{2150E333-8FDC-42A3-9474-1A3956D46DE8}") = "postgresql", "postgresql", "{3232EC32-8E12-477F-9996-B129908264D2}"
EndProject
Project("{9A19103F-16F7-4668-BE54-9A1E7A4F7556}") = "rapidcore.postgresql", "src\postgresql\main\rapidcore.postgresql.csproj", "{F4687629-5166-4377-9288-7411079B29D7}"
EndProject
Project("{9A19103F-16F7-4668-BE54-9A1E7A4F7556}") = "functionaltests", "src\postgresql\test-functional\functionaltests.csproj", "{4F4CD774-4739-49B1-9148-D9002981CE86}"
EndProject
Project("{2150E333-8FDC-42A3-9474-1A3956D46DE8}") = "google-cloud", "google-cloud", "{684716F9-026C-4779-8B6A-4D56B34E93C8}"
EndProject
Project("{FAE04EC0-301F-11D3-BF4B-00C04F79EFBC}") = "rapidcore.google-cloud", "src\google-cloud\main\rapidcore.google-cloud.csproj", "{0FB0B03E-33C9-4195-A021-B265F237CF20}"
EndProject
Project("{FAE04EC0-301F-11D3-BF4B-00C04F79EFBC}") = "functionaltests", "src\google-cloud\test-functional\functionaltests.csproj", "{BAF89685-3EC3-47F6-83AE-21DC54B346E2}"
EndProject
Project("{2150E333-8FDC-42A3-9474-1A3956D46DE8}") = "sqlserver", "sqlserver", "{F452E472-28D8-4F9F-93AB-14E6DC0A92C2}"
EndProject
Project("{FAE04EC0-301F-11D3-BF4B-00C04F79EFBC}") = "rapidcore.sqlserver", "src\sqlserver\main\rapidcore.sqlserver.csproj", "{D66D70AE-0651-4714-96D8-6DB2E50036ED}"
EndProject
Project("{FAE04EC0-301F-11D3-BF4B-00C04F79EFBC}") = "functionaltests", "src\sqlserver\test-functional\functionaltests.csproj", "{08F10C08-7D0E-4667-AB37-2BB153585382}"
EndProject
Global
	GlobalSection(SolutionConfigurationPlatforms) = preSolution
		Debug|Any CPU = Debug|Any CPU
		Debug|x64 = Debug|x64
		Debug|x86 = Debug|x86
		Release|Any CPU = Release|Any CPU
		Release|x64 = Release|x64
		Release|x86 = Release|x86
	EndGlobalSection
	GlobalSection(ProjectConfigurationPlatforms) = postSolution
		{8BA44FF3-B0CB-4864-91CD-70D2D33F84C2}.Debug|Any CPU.ActiveCfg = Debug|Any CPU
		{8BA44FF3-B0CB-4864-91CD-70D2D33F84C2}.Debug|Any CPU.Build.0 = Debug|Any CPU
		{8BA44FF3-B0CB-4864-91CD-70D2D33F84C2}.Debug|x64.ActiveCfg = Debug|Any CPU
		{8BA44FF3-B0CB-4864-91CD-70D2D33F84C2}.Debug|x64.Build.0 = Debug|Any CPU
		{8BA44FF3-B0CB-4864-91CD-70D2D33F84C2}.Debug|x86.ActiveCfg = Debug|Any CPU
		{8BA44FF3-B0CB-4864-91CD-70D2D33F84C2}.Debug|x86.Build.0 = Debug|Any CPU
		{8BA44FF3-B0CB-4864-91CD-70D2D33F84C2}.Release|Any CPU.ActiveCfg = Release|Any CPU
		{8BA44FF3-B0CB-4864-91CD-70D2D33F84C2}.Release|Any CPU.Build.0 = Release|Any CPU
		{8BA44FF3-B0CB-4864-91CD-70D2D33F84C2}.Release|x64.ActiveCfg = Release|Any CPU
		{8BA44FF3-B0CB-4864-91CD-70D2D33F84C2}.Release|x64.Build.0 = Release|Any CPU
		{8BA44FF3-B0CB-4864-91CD-70D2D33F84C2}.Release|x86.ActiveCfg = Release|Any CPU
		{8BA44FF3-B0CB-4864-91CD-70D2D33F84C2}.Release|x86.Build.0 = Release|Any CPU
		{2D46E4BB-483E-4854-BC24-CDFAE6452112}.Debug|Any CPU.ActiveCfg = Debug|Any CPU
		{2D46E4BB-483E-4854-BC24-CDFAE6452112}.Debug|Any CPU.Build.0 = Debug|Any CPU
		{2D46E4BB-483E-4854-BC24-CDFAE6452112}.Debug|x64.ActiveCfg = Debug|Any CPU
		{2D46E4BB-483E-4854-BC24-CDFAE6452112}.Debug|x64.Build.0 = Debug|Any CPU
		{2D46E4BB-483E-4854-BC24-CDFAE6452112}.Debug|x86.ActiveCfg = Debug|Any CPU
		{2D46E4BB-483E-4854-BC24-CDFAE6452112}.Debug|x86.Build.0 = Debug|Any CPU
		{2D46E4BB-483E-4854-BC24-CDFAE6452112}.Release|Any CPU.ActiveCfg = Release|Any CPU
		{2D46E4BB-483E-4854-BC24-CDFAE6452112}.Release|Any CPU.Build.0 = Release|Any CPU
		{2D46E4BB-483E-4854-BC24-CDFAE6452112}.Release|x64.ActiveCfg = Release|Any CPU
		{2D46E4BB-483E-4854-BC24-CDFAE6452112}.Release|x64.Build.0 = Release|Any CPU
		{2D46E4BB-483E-4854-BC24-CDFAE6452112}.Release|x86.ActiveCfg = Release|Any CPU
		{2D46E4BB-483E-4854-BC24-CDFAE6452112}.Release|x86.Build.0 = Release|Any CPU
		{F07ECF06-54B9-4F40-8796-ED984DA41C8F}.Debug|Any CPU.ActiveCfg = Debug|Any CPU
		{F07ECF06-54B9-4F40-8796-ED984DA41C8F}.Debug|Any CPU.Build.0 = Debug|Any CPU
		{F07ECF06-54B9-4F40-8796-ED984DA41C8F}.Debug|x64.ActiveCfg = Debug|Any CPU
		{F07ECF06-54B9-4F40-8796-ED984DA41C8F}.Debug|x64.Build.0 = Debug|Any CPU
		{F07ECF06-54B9-4F40-8796-ED984DA41C8F}.Debug|x86.ActiveCfg = Debug|Any CPU
		{F07ECF06-54B9-4F40-8796-ED984DA41C8F}.Debug|x86.Build.0 = Debug|Any CPU
		{F07ECF06-54B9-4F40-8796-ED984DA41C8F}.Release|Any CPU.ActiveCfg = Release|Any CPU
		{F07ECF06-54B9-4F40-8796-ED984DA41C8F}.Release|Any CPU.Build.0 = Release|Any CPU
		{F07ECF06-54B9-4F40-8796-ED984DA41C8F}.Release|x64.ActiveCfg = Release|Any CPU
		{F07ECF06-54B9-4F40-8796-ED984DA41C8F}.Release|x64.Build.0 = Release|Any CPU
		{F07ECF06-54B9-4F40-8796-ED984DA41C8F}.Release|x86.ActiveCfg = Release|Any CPU
		{F07ECF06-54B9-4F40-8796-ED984DA41C8F}.Release|x86.Build.0 = Release|Any CPU
		{50548CAC-5511-4A49-8781-976F8F64CEB1}.Debug|Any CPU.ActiveCfg = Debug|Any CPU
		{50548CAC-5511-4A49-8781-976F8F64CEB1}.Debug|Any CPU.Build.0 = Debug|Any CPU
		{50548CAC-5511-4A49-8781-976F8F64CEB1}.Debug|x64.ActiveCfg = Debug|Any CPU
		{50548CAC-5511-4A49-8781-976F8F64CEB1}.Debug|x64.Build.0 = Debug|Any CPU
		{50548CAC-5511-4A49-8781-976F8F64CEB1}.Debug|x86.ActiveCfg = Debug|Any CPU
		{50548CAC-5511-4A49-8781-976F8F64CEB1}.Debug|x86.Build.0 = Debug|Any CPU
		{50548CAC-5511-4A49-8781-976F8F64CEB1}.Release|Any CPU.ActiveCfg = Release|Any CPU
		{50548CAC-5511-4A49-8781-976F8F64CEB1}.Release|Any CPU.Build.0 = Release|Any CPU
		{50548CAC-5511-4A49-8781-976F8F64CEB1}.Release|x64.ActiveCfg = Release|Any CPU
		{50548CAC-5511-4A49-8781-976F8F64CEB1}.Release|x64.Build.0 = Release|Any CPU
		{50548CAC-5511-4A49-8781-976F8F64CEB1}.Release|x86.ActiveCfg = Release|Any CPU
		{50548CAC-5511-4A49-8781-976F8F64CEB1}.Release|x86.Build.0 = Release|Any CPU
		{2C7EB2BF-7EC6-4521-AA11-8F4AB55FE5DA}.Debug|Any CPU.ActiveCfg = Debug|Any CPU
		{2C7EB2BF-7EC6-4521-AA11-8F4AB55FE5DA}.Debug|Any CPU.Build.0 = Debug|Any CPU
		{2C7EB2BF-7EC6-4521-AA11-8F4AB55FE5DA}.Debug|x64.ActiveCfg = Debug|Any CPU
		{2C7EB2BF-7EC6-4521-AA11-8F4AB55FE5DA}.Debug|x64.Build.0 = Debug|Any CPU
		{2C7EB2BF-7EC6-4521-AA11-8F4AB55FE5DA}.Debug|x86.ActiveCfg = Debug|Any CPU
		{2C7EB2BF-7EC6-4521-AA11-8F4AB55FE5DA}.Debug|x86.Build.0 = Debug|Any CPU
		{2C7EB2BF-7EC6-4521-AA11-8F4AB55FE5DA}.Release|Any CPU.ActiveCfg = Release|Any CPU
		{2C7EB2BF-7EC6-4521-AA11-8F4AB55FE5DA}.Release|Any CPU.Build.0 = Release|Any CPU
		{2C7EB2BF-7EC6-4521-AA11-8F4AB55FE5DA}.Release|x64.ActiveCfg = Release|Any CPU
		{2C7EB2BF-7EC6-4521-AA11-8F4AB55FE5DA}.Release|x64.Build.0 = Release|Any CPU
		{2C7EB2BF-7EC6-4521-AA11-8F4AB55FE5DA}.Release|x86.ActiveCfg = Release|Any CPU
		{2C7EB2BF-7EC6-4521-AA11-8F4AB55FE5DA}.Release|x86.Build.0 = Release|Any CPU
		{CADDD884-EFBD-4220-80EE-044454AEC596}.Debug|Any CPU.ActiveCfg = Debug|Any CPU
		{CADDD884-EFBD-4220-80EE-044454AEC596}.Debug|Any CPU.Build.0 = Debug|Any CPU
		{CADDD884-EFBD-4220-80EE-044454AEC596}.Debug|x64.ActiveCfg = Debug|Any CPU
		{CADDD884-EFBD-4220-80EE-044454AEC596}.Debug|x64.Build.0 = Debug|Any CPU
		{CADDD884-EFBD-4220-80EE-044454AEC596}.Debug|x86.ActiveCfg = Debug|Any CPU
		{CADDD884-EFBD-4220-80EE-044454AEC596}.Debug|x86.Build.0 = Debug|Any CPU
		{CADDD884-EFBD-4220-80EE-044454AEC596}.Release|Any CPU.ActiveCfg = Release|Any CPU
		{CADDD884-EFBD-4220-80EE-044454AEC596}.Release|Any CPU.Build.0 = Release|Any CPU
		{CADDD884-EFBD-4220-80EE-044454AEC596}.Release|x64.ActiveCfg = Release|Any CPU
		{CADDD884-EFBD-4220-80EE-044454AEC596}.Release|x64.Build.0 = Release|Any CPU
		{CADDD884-EFBD-4220-80EE-044454AEC596}.Release|x86.ActiveCfg = Release|Any CPU
		{CADDD884-EFBD-4220-80EE-044454AEC596}.Release|x86.Build.0 = Release|Any CPU
		{48054D3C-9B50-4307-BD6B-9EFBAB352DF3}.Debug|Any CPU.ActiveCfg = Debug|Any CPU
		{48054D3C-9B50-4307-BD6B-9EFBAB352DF3}.Debug|Any CPU.Build.0 = Debug|Any CPU
		{48054D3C-9B50-4307-BD6B-9EFBAB352DF3}.Debug|x64.ActiveCfg = Debug|Any CPU
		{48054D3C-9B50-4307-BD6B-9EFBAB352DF3}.Debug|x64.Build.0 = Debug|Any CPU
		{48054D3C-9B50-4307-BD6B-9EFBAB352DF3}.Debug|x86.ActiveCfg = Debug|Any CPU
		{48054D3C-9B50-4307-BD6B-9EFBAB352DF3}.Debug|x86.Build.0 = Debug|Any CPU
		{48054D3C-9B50-4307-BD6B-9EFBAB352DF3}.Release|Any CPU.ActiveCfg = Release|Any CPU
		{48054D3C-9B50-4307-BD6B-9EFBAB352DF3}.Release|Any CPU.Build.0 = Release|Any CPU
		{48054D3C-9B50-4307-BD6B-9EFBAB352DF3}.Release|x64.ActiveCfg = Release|Any CPU
		{48054D3C-9B50-4307-BD6B-9EFBAB352DF3}.Release|x64.Build.0 = Release|Any CPU
		{48054D3C-9B50-4307-BD6B-9EFBAB352DF3}.Release|x86.ActiveCfg = Release|Any CPU
		{48054D3C-9B50-4307-BD6B-9EFBAB352DF3}.Release|x86.Build.0 = Release|Any CPU
		{77ACBE2E-4DA8-46A3-955F-B901F3247DC4}.Debug|Any CPU.ActiveCfg = Debug|Any CPU
		{77ACBE2E-4DA8-46A3-955F-B901F3247DC4}.Debug|Any CPU.Build.0 = Debug|Any CPU
		{77ACBE2E-4DA8-46A3-955F-B901F3247DC4}.Debug|x64.ActiveCfg = Debug|Any CPU
		{77ACBE2E-4DA8-46A3-955F-B901F3247DC4}.Debug|x64.Build.0 = Debug|Any CPU
		{77ACBE2E-4DA8-46A3-955F-B901F3247DC4}.Debug|x86.ActiveCfg = Debug|Any CPU
		{77ACBE2E-4DA8-46A3-955F-B901F3247DC4}.Debug|x86.Build.0 = Debug|Any CPU
		{77ACBE2E-4DA8-46A3-955F-B901F3247DC4}.Release|Any CPU.ActiveCfg = Release|Any CPU
		{77ACBE2E-4DA8-46A3-955F-B901F3247DC4}.Release|Any CPU.Build.0 = Release|Any CPU
		{77ACBE2E-4DA8-46A3-955F-B901F3247DC4}.Release|x64.ActiveCfg = Release|Any CPU
		{77ACBE2E-4DA8-46A3-955F-B901F3247DC4}.Release|x64.Build.0 = Release|Any CPU
		{77ACBE2E-4DA8-46A3-955F-B901F3247DC4}.Release|x86.ActiveCfg = Release|Any CPU
		{77ACBE2E-4DA8-46A3-955F-B901F3247DC4}.Release|x86.Build.0 = Release|Any CPU
		{F4687629-5166-4377-9288-7411079B29D7}.Debug|Any CPU.ActiveCfg = Debug|Any CPU
		{F4687629-5166-4377-9288-7411079B29D7}.Debug|Any CPU.Build.0 = Debug|Any CPU
		{F4687629-5166-4377-9288-7411079B29D7}.Debug|x64.ActiveCfg = Debug|Any CPU
		{F4687629-5166-4377-9288-7411079B29D7}.Debug|x64.Build.0 = Debug|Any CPU
		{F4687629-5166-4377-9288-7411079B29D7}.Debug|x86.ActiveCfg = Debug|Any CPU
		{F4687629-5166-4377-9288-7411079B29D7}.Debug|x86.Build.0 = Debug|Any CPU
		{F4687629-5166-4377-9288-7411079B29D7}.Release|Any CPU.ActiveCfg = Release|Any CPU
		{F4687629-5166-4377-9288-7411079B29D7}.Release|Any CPU.Build.0 = Release|Any CPU
		{F4687629-5166-4377-9288-7411079B29D7}.Release|x64.ActiveCfg = Release|Any CPU
		{F4687629-5166-4377-9288-7411079B29D7}.Release|x64.Build.0 = Release|Any CPU
		{F4687629-5166-4377-9288-7411079B29D7}.Release|x86.ActiveCfg = Release|Any CPU
		{F4687629-5166-4377-9288-7411079B29D7}.Release|x86.Build.0 = Release|Any CPU
		{4F4CD774-4739-49B1-9148-D9002981CE86}.Debug|Any CPU.ActiveCfg = Debug|Any CPU
		{4F4CD774-4739-49B1-9148-D9002981CE86}.Debug|Any CPU.Build.0 = Debug|Any CPU
		{4F4CD774-4739-49B1-9148-D9002981CE86}.Debug|x64.ActiveCfg = Debug|Any CPU
		{4F4CD774-4739-49B1-9148-D9002981CE86}.Debug|x64.Build.0 = Debug|Any CPU
		{4F4CD774-4739-49B1-9148-D9002981CE86}.Debug|x86.ActiveCfg = Debug|Any CPU
		{4F4CD774-4739-49B1-9148-D9002981CE86}.Debug|x86.Build.0 = Debug|Any CPU
		{4F4CD774-4739-49B1-9148-D9002981CE86}.Release|Any CPU.ActiveCfg = Release|Any CPU
		{4F4CD774-4739-49B1-9148-D9002981CE86}.Release|Any CPU.Build.0 = Release|Any CPU
		{4F4CD774-4739-49B1-9148-D9002981CE86}.Release|x64.ActiveCfg = Release|Any CPU
		{4F4CD774-4739-49B1-9148-D9002981CE86}.Release|x64.Build.0 = Release|Any CPU
		{4F4CD774-4739-49B1-9148-D9002981CE86}.Release|x86.ActiveCfg = Release|Any CPU
		{4F4CD774-4739-49B1-9148-D9002981CE86}.Release|x86.Build.0 = Release|Any CPU
		{0FB0B03E-33C9-4195-A021-B265F237CF20}.Debug|Any CPU.ActiveCfg = Debug|Any CPU
		{0FB0B03E-33C9-4195-A021-B265F237CF20}.Debug|Any CPU.Build.0 = Debug|Any CPU
		{0FB0B03E-33C9-4195-A021-B265F237CF20}.Debug|x64.ActiveCfg = Debug|x64
		{0FB0B03E-33C9-4195-A021-B265F237CF20}.Debug|x64.Build.0 = Debug|x64
		{0FB0B03E-33C9-4195-A021-B265F237CF20}.Debug|x86.ActiveCfg = Debug|x86
		{0FB0B03E-33C9-4195-A021-B265F237CF20}.Debug|x86.Build.0 = Debug|x86
		{0FB0B03E-33C9-4195-A021-B265F237CF20}.Release|Any CPU.ActiveCfg = Release|Any CPU
		{0FB0B03E-33C9-4195-A021-B265F237CF20}.Release|Any CPU.Build.0 = Release|Any CPU
		{0FB0B03E-33C9-4195-A021-B265F237CF20}.Release|x64.ActiveCfg = Release|x64
		{0FB0B03E-33C9-4195-A021-B265F237CF20}.Release|x64.Build.0 = Release|x64
		{0FB0B03E-33C9-4195-A021-B265F237CF20}.Release|x86.ActiveCfg = Release|x86
		{0FB0B03E-33C9-4195-A021-B265F237CF20}.Release|x86.Build.0 = Release|x86
		{BAF89685-3EC3-47F6-83AE-21DC54B346E2}.Debug|Any CPU.ActiveCfg = Debug|Any CPU
		{BAF89685-3EC3-47F6-83AE-21DC54B346E2}.Debug|Any CPU.Build.0 = Debug|Any CPU
		{BAF89685-3EC3-47F6-83AE-21DC54B346E2}.Debug|x64.ActiveCfg = Debug|x64
		{BAF89685-3EC3-47F6-83AE-21DC54B346E2}.Debug|x64.Build.0 = Debug|x64
		{BAF89685-3EC3-47F6-83AE-21DC54B346E2}.Debug|x86.ActiveCfg = Debug|x86
		{BAF89685-3EC3-47F6-83AE-21DC54B346E2}.Debug|x86.Build.0 = Debug|x86
		{BAF89685-3EC3-47F6-83AE-21DC54B346E2}.Release|Any CPU.ActiveCfg = Release|Any CPU
		{BAF89685-3EC3-47F6-83AE-21DC54B346E2}.Release|Any CPU.Build.0 = Release|Any CPU
		{BAF89685-3EC3-47F6-83AE-21DC54B346E2}.Release|x64.ActiveCfg = Release|x64
		{BAF89685-3EC3-47F6-83AE-21DC54B346E2}.Release|x64.Build.0 = Release|x64
		{BAF89685-3EC3-47F6-83AE-21DC54B346E2}.Release|x86.ActiveCfg = Release|x86
		{BAF89685-3EC3-47F6-83AE-21DC54B346E2}.Release|x86.Build.0 = Release|x86
		{D66D70AE-0651-4714-96D8-6DB2E50036ED}.Debug|Any CPU.ActiveCfg = Debug|Any CPU
		{D66D70AE-0651-4714-96D8-6DB2E50036ED}.Debug|Any CPU.Build.0 = Debug|Any CPU
		{D66D70AE-0651-4714-96D8-6DB2E50036ED}.Debug|x64.ActiveCfg = Debug|x64
		{D66D70AE-0651-4714-96D8-6DB2E50036ED}.Debug|x64.Build.0 = Debug|x64
		{D66D70AE-0651-4714-96D8-6DB2E50036ED}.Debug|x86.ActiveCfg = Debug|x86
		{D66D70AE-0651-4714-96D8-6DB2E50036ED}.Debug|x86.Build.0 = Debug|x86
		{D66D70AE-0651-4714-96D8-6DB2E50036ED}.Release|Any CPU.ActiveCfg = Release|Any CPU
		{D66D70AE-0651-4714-96D8-6DB2E50036ED}.Release|Any CPU.Build.0 = Release|Any CPU
		{D66D70AE-0651-4714-96D8-6DB2E50036ED}.Release|x64.ActiveCfg = Release|x64
		{D66D70AE-0651-4714-96D8-6DB2E50036ED}.Release|x64.Build.0 = Release|x64
		{D66D70AE-0651-4714-96D8-6DB2E50036ED}.Release|x86.ActiveCfg = Release|x86
		{D66D70AE-0651-4714-96D8-6DB2E50036ED}.Release|x86.Build.0 = Release|x86
		{08F10C08-7D0E-4667-AB37-2BB153585382}.Debug|Any CPU.ActiveCfg = Debug|Any CPU
		{08F10C08-7D0E-4667-AB37-2BB153585382}.Debug|Any CPU.Build.0 = Debug|Any CPU
		{08F10C08-7D0E-4667-AB37-2BB153585382}.Debug|x64.ActiveCfg = Debug|x64
		{08F10C08-7D0E-4667-AB37-2BB153585382}.Debug|x64.Build.0 = Debug|x64
		{08F10C08-7D0E-4667-AB37-2BB153585382}.Debug|x86.ActiveCfg = Debug|x86
		{08F10C08-7D0E-4667-AB37-2BB153585382}.Debug|x86.Build.0 = Debug|x86
		{08F10C08-7D0E-4667-AB37-2BB153585382}.Release|Any CPU.ActiveCfg = Release|Any CPU
		{08F10C08-7D0E-4667-AB37-2BB153585382}.Release|Any CPU.Build.0 = Release|Any CPU
		{08F10C08-7D0E-4667-AB37-2BB153585382}.Release|x64.ActiveCfg = Release|x64
		{08F10C08-7D0E-4667-AB37-2BB153585382}.Release|x64.Build.0 = Release|x64
		{08F10C08-7D0E-4667-AB37-2BB153585382}.Release|x86.ActiveCfg = Release|x86
		{08F10C08-7D0E-4667-AB37-2BB153585382}.Release|x86.Build.0 = Release|x86
	EndGlobalSection
	GlobalSection(SolutionProperties) = preSolution
		HideSolutionNode = FALSE
	EndGlobalSection
	GlobalSection(NestedProjects) = preSolution
		{85943392-4DB2-4D4D-AF08-74AB3D97D700} = {68F11D70-6FFF-4761-9EB9-44E9F4C2C967}
		{8BA44FF3-B0CB-4864-91CD-70D2D33F84C2} = {85943392-4DB2-4D4D-AF08-74AB3D97D700}
		{2D46E4BB-483E-4854-BC24-CDFAE6452112} = {85943392-4DB2-4D4D-AF08-74AB3D97D700}
		{F07ECF06-54B9-4F40-8796-ED984DA41C8F} = {85943392-4DB2-4D4D-AF08-74AB3D97D700}
		{80141034-CE49-45D9-AE05-973D82758465} = {68F11D70-6FFF-4761-9EB9-44E9F4C2C967}
		{50548CAC-5511-4A49-8781-976F8F64CEB1} = {80141034-CE49-45D9-AE05-973D82758465}
		{2C7EB2BF-7EC6-4521-AA11-8F4AB55FE5DA} = {80141034-CE49-45D9-AE05-973D82758465}
		{83041C99-22E8-4680-BE0F-48F419D92C6B} = {68F11D70-6FFF-4761-9EB9-44E9F4C2C967}
		{CADDD884-EFBD-4220-80EE-044454AEC596} = {83041C99-22E8-4680-BE0F-48F419D92C6B}
		{48054D3C-9B50-4307-BD6B-9EFBAB352DF3} = {83041C99-22E8-4680-BE0F-48F419D92C6B}
		{769C5005-E9C9-4292-B064-A68FDE6B2B28} = {68F11D70-6FFF-4761-9EB9-44E9F4C2C967}
		{77ACBE2E-4DA8-46A3-955F-B901F3247DC4} = {769C5005-E9C9-4292-B064-A68FDE6B2B28}
		{3232EC32-8E12-477F-9996-B129908264D2} = {68F11D70-6FFF-4761-9EB9-44E9F4C2C967}
		{F4687629-5166-4377-9288-7411079B29D7} = {3232EC32-8E12-477F-9996-B129908264D2}
		{4F4CD774-4739-49B1-9148-D9002981CE86} = {3232EC32-8E12-477F-9996-B129908264D2}
		{684716F9-026C-4779-8B6A-4D56B34E93C8} = {68F11D70-6FFF-4761-9EB9-44E9F4C2C967}
		{0FB0B03E-33C9-4195-A021-B265F237CF20} = {684716F9-026C-4779-8B6A-4D56B34E93C8}
		{BAF89685-3EC3-47F6-83AE-21DC54B346E2} = {684716F9-026C-4779-8B6A-4D56B34E93C8}
		{F452E472-28D8-4F9F-93AB-14E6DC0A92C2} = {68F11D70-6FFF-4761-9EB9-44E9F4C2C967}
		{D66D70AE-0651-4714-96D8-6DB2E50036ED} = {F452E472-28D8-4F9F-93AB-14E6DC0A92C2}
		{08F10C08-7D0E-4667-AB37-2BB153585382} = {F452E472-28D8-4F9F-93AB-14E6DC0A92C2}
	EndGlobalSection
	GlobalSection(ExtensibilityGlobals) = postSolution
		SolutionGuid = {6B5F746B-0AD6-4F58-B8B4-E3DC872C2D8B}
	EndGlobalSection
EndGlobal
